{
    "_meta": {
        "hash": {
            "sha256": "e9b14d64a13a6c17319798060e42c253af8068899cd6bca0b88ea0b8135ff4bf"
        },
        "pipfile-spec": 6,
        "requires": {
            "python_version": "3.6"
        },
        "sources": [
            {
                "name": "pypi",
                "url": "https://pypi.tuna.tsinghua.edu.cn/simple",
                "verify_ssl": true
            }
        ]
    },
    "default": {
        "bleach": {
            "hashes": [
                "sha256:978e758599b54cd3caa2e160d74102879b230ea8dc93871d0783721eef58bc65",
                "sha256:e67f46adcec78dbc3c04462f3aba3213a673d5652eba2609ed1ef15492a44b8d"
            ],
            "version": "==1.5.0"
        },
        "click": {
            "hashes": [
                "sha256:6a7a62563bbfabfda3a38f3023a1db4a35978c0abd76f6c9605ecd6554d6d9b1",
                "sha256:8458d7b1287c5fb128c90e23381cf99dcde74beaf6c7ff6384ce84d6fe090adb"
            ],
            "markers": "python_version >= '3.6'",
            "version": "==8.0.4"
        },
        "dataclasses": {
            "hashes": [
                "sha256:0201d89fa866f68c8ebd9d08ee6ff50c0b255f8ec63a71c16fda7af82bb887bf",
                "sha256:8479067f342acf957dc82ec415d355ab5edb7e7646b90dc6e2fd1d96ad084c97"
            ],
            "markers": "python_version < '3.7'",
            "version": "==0.8"
        },
        "flask": {
            "hashes": [
                "sha256:0749df235e3ff61ac108f69ac178c9770caeaccad2509cb762ce1f65570a8856",
                "sha256:49f44461237b69ecd901cc7ce66feea0319b9158743dd27a2899962ab214dac1"
            ],
            "index": "pypi",
            "version": "==0.12.2"
        },
        "html5lib": {
            "hashes": [
                "sha256:2612a191a8d5842bfa057e41ba50bbb9dcb722419d2408c78cff4758d0754868"
            ],
            "version": "==0.9999999"
        },
        "importlib-metadata": {
            "hashes": [
                "sha256:65a9576a5b2d58ca44d133c42a241905cc45e34d2c06fd5ba2bafa221e5d7b5e",
                "sha256:766abffff765960fcc18003801f7044eb6755ffae4521c8e8ce8e83b9c9b0668"
            ],
            "markers": "python_version < '3.8'",
            "version": "==4.8.3"
        },
        "itsdangerous": {
            "hashes": [
                "sha256:5174094b9637652bdb841a3029700391451bd092ba3db90600dea710ba28e97c",
                "sha256:9e724d68fc22902a1435351f84c3fb8623f303fffcc566a4cb952df8c572cff0"
            ],
            "markers": "python_version >= '3.6'",
            "version": "==2.0.1"
        },
        "jinja2": {
            "hashes": [
                "sha256:077ce6014f7b40d03b47d1f1ca4b0fc8328a692bd284016f806ed0eaca390ad8",
                "sha256:611bb273cd68f3b993fabdc4064fc858c5b47a973cb5aa7999ec1ba405c87cd7"
            ],
            "markers": "python_version >= '3.6'",
            "version": "==3.0.3"
        },
        "markdown": {
            "hashes": [
                "sha256:cbb516f16218e643d8e0a95b309f77eb118cb138d39a4f27851e6a63581db874",
                "sha256:f5da449a6e1c989a4cea2631aa8ee67caa5a2ef855d551c88f9e309f4634c621"
            ],
            "markers": "python_version >= '3.6'",
            "version": "==3.3.7"
        },
        "markupsafe": {
            "hashes": [
                "sha256:01a9b8ea66f1658938f65b93a85ebe8bc016e6769611be228d797c9d998dd298",
                "sha256:023cb26ec21ece8dc3907c0e8320058b2e0cb3c55cf9564da612bc325bed5e64",
                "sha256:0446679737af14f45767963a1a9ef7620189912317d095f2d9ffa183a4d25d2b",
                "sha256:04635854b943835a6ea959e948d19dcd311762c5c0c6e1f0e16ee57022669194",
                "sha256:0717a7390a68be14b8c793ba258e075c6f4ca819f15edfc2a3a027c823718567",
                "sha256:0955295dd5eec6cb6cc2fe1698f4c6d84af2e92de33fbcac4111913cd100a6ff",
                "sha256:0d4b31cc67ab36e3392bbf3862cfbadac3db12bdd8b02a2731f509ed5b829724",
                "sha256:10f82115e21dc0dfec9ab5c0223652f7197feb168c940f3ef61563fc2d6beb74",
                "sha256:168cd0a3642de83558a5153c8bd34f175a9a6e7f6dc6384b9655d2697312a646",
                "sha256:1d609f577dc6e1aa17d746f8bd3c31aa4d258f4070d61b2aa5c4166c1539de35",
                "sha256:1f2ade76b9903f39aa442b4aadd2177decb66525062db244b35d71d0ee8599b6",
                "sha256:20dca64a3ef2d6e4d5d615a3fd418ad3bde77a47ec8a23d984a12b5b4c74491a",
                "sha256:2a7d351cbd8cfeb19ca00de495e224dea7e7d919659c2841bbb7f420ad03e2d6",
                "sha256:2d7d807855b419fc2ed3e631034685db6079889a1f01d5d9dac950f764da3dad",
                "sha256:2ef54abee730b502252bcdf31b10dacb0a416229b72c18b19e24a4509f273d26",
                "sha256:36bc903cbb393720fad60fc28c10de6acf10dc6cc883f3e24ee4012371399a38",
                "sha256:37205cac2a79194e3750b0af2a5720d95f786a55ce7df90c3af697bfa100eaac",
                "sha256:3c112550557578c26af18a1ccc9e090bfe03832ae994343cfdacd287db6a6ae7",
                "sha256:3dd007d54ee88b46be476e293f48c85048603f5f516008bee124ddd891398ed6",
                "sha256:4296f2b1ce8c86a6aea78613c34bb1a672ea0e3de9c6ba08a960efe0b0a09047",
                "sha256:47ab1e7b91c098ab893b828deafa1203de86d0bc6ab587b160f78fe6c4011f75",
                "sha256:49e3ceeabbfb9d66c3aef5af3a60cc43b85c33df25ce03d0031a608b0a8b2e3f",
                "sha256:4dc8f9fb58f7364b63fd9f85013b780ef83c11857ae79f2feda41e270468dd9b",
                "sha256:4efca8f86c54b22348a5467704e3fec767b2db12fc39c6d963168ab1d3fc9135",
                "sha256:53edb4da6925ad13c07b6d26c2a852bd81e364f95301c66e930ab2aef5b5ddd8",
                "sha256:5855f8438a7d1d458206a2466bf82b0f104a3724bf96a1c781ab731e4201731a",
                "sha256:594c67807fb16238b30c44bdf74f36c02cdf22d1c8cda91ef8a0ed8dabf5620a",
                "sha256:5b6d930f030f8ed98e3e6c98ffa0652bdb82601e7a016ec2ab5d7ff23baa78d1",
                "sha256:5bb28c636d87e840583ee3adeb78172efc47c8b26127267f54a9c0ec251d41a9",
                "sha256:60bf42e36abfaf9aff1f50f52644b336d4f0a3fd6d8a60ca0d054ac9f713a864",
                "sha256:611d1ad9a4288cf3e3c16014564df047fe08410e628f89805e475368bd304914",
                "sha256:6300b8454aa6930a24b9618fbb54b5a68135092bc666f7b06901f897fa5c2fee",
                "sha256:63f3268ba69ace99cab4e3e3b5840b03340efed0948ab8f78d2fd87ee5442a4f",
                "sha256:6557b31b5e2c9ddf0de32a691f2312a32f77cd7681d8af66c2692efdbef84c18",
                "sha256:693ce3f9e70a6cf7d2fb9e6c9d8b204b6b39897a2c4a1aa65728d5ac97dcc1d8",
                "sha256:6a7fae0dd14cf60ad5ff42baa2e95727c3d81ded453457771d02b7d2b3f9c0c2",
                "sha256:6c4ca60fa24e85fe25b912b01e62cb969d69a23a5d5867682dd3e80b5b02581d",
                "sha256:6fcf051089389abe060c9cd7caa212c707e58153afa2c649f00346ce6d260f1b",
                "sha256:7d91275b0245b1da4d4cfa07e0faedd5b0812efc15b702576d103293e252af1b",
                "sha256:89c687013cb1cd489a0f0ac24febe8c7a666e6e221b783e53ac50ebf68e45d86",
                "sha256:8d206346619592c6200148b01a2142798c989edcb9c896f9ac9722a99d4e77e6",
                "sha256:905fec760bd2fa1388bb5b489ee8ee5f7291d692638ea5f67982d968366bef9f",
                "sha256:97383d78eb34da7e1fa37dd273c20ad4320929af65d156e35a5e2d89566d9dfb",
                "sha256:984d76483eb32f1bcb536dc27e4ad56bba4baa70be32fa87152832cdd9db0833",
                "sha256:99df47edb6bda1249d3e80fdabb1dab8c08ef3975f69aed437cb69d0a5de1e28",
                "sha256:9f02365d4e99430a12647f09b6cc8bab61a6564363f313126f775eb4f6ef798e",
                "sha256:a30e67a65b53ea0a5e62fe23682cfe22712e01f453b95233b25502f7c61cb415",
                "sha256:ab3ef638ace319fa26553db0624c4699e31a28bb2a835c5faca8f8acf6a5a902",
                "sha256:aca6377c0cb8a8253e493c6b451565ac77e98c2951c45f913e0b52facdcff83f",
                "sha256:add36cb2dbb8b736611303cd3bfcee00afd96471b09cda130da3581cbdc56a6d",
                "sha256:b2f4bf27480f5e5e8ce285a8c8fd176c0b03e93dcc6646477d4630e83440c6a9",
                "sha256:b7f2d075102dc8c794cbde1947378051c4e5180d52d276987b8d28a3bd58c17d",
                "sha256:baa1a4e8f868845af802979fcdbf0bb11f94f1cb7ced4c4b8a351bb60d108145",
                "sha256:be98f628055368795d818ebf93da628541e10b75b41c559fdf36d104c5787066",
                "sha256:bf5d821ffabf0ef3533c39c518f3357b171a1651c1ff6827325e4489b0e46c3c",
                "sha256:c47adbc92fc1bb2b3274c4b3a43ae0e4573d9fbff4f54cd484555edbf030baf1",
                "sha256:cdfba22ea2f0029c9261a4bd07e830a8da012291fbe44dc794e488b6c9bb353a",
                "sha256:d6c7ebd4e944c85e2c3421e612a7057a2f48d478d79e61800d81468a8d842207",
                "sha256:d7f9850398e85aba693bb640262d3611788b1f29a79f0c93c565694658f4071f",
                "sha256:d8446c54dc28c01e5a2dbac5a25f071f6653e6e40f3a8818e8b45d790fe6ef53",
                "sha256:deb993cacb280823246a026e3b2d81c493c53de6acfd5e6bfe31ab3402bb37dd",
                "sha256:e0f138900af21926a02425cf736db95be9f4af72ba1bb21453432a07f6082134",
                "sha256:e9936f0b261d4df76ad22f8fee3ae83b60d7c3e871292cd42f40b81b70afae85",
                "sha256:f0567c4dc99f264f49fe27da5f735f414c4e7e7dd850cfd8e69f0862d7c74ea9",
                "sha256:f5653a225f31e113b152e56f154ccbe59eeb1c7487b39b9d9f9cdb58e6c79dc5",
                "sha256:f826e31d18b516f653fe296d967d700fddad5901ae07c622bb3705955e1faa94",
                "sha256:f8ba0e8349a38d3001fae7eadded3f6606f0da5d748ee53cc1dab1d6527b9509",
                "sha256:f9081981fe268bd86831e5c75f7de206ef275defcb82bc70740ae6dc507aee51",
                "sha256:fa130dd50c57d53368c9d59395cb5526eda596d3ffe36666cd81a44d56e48872"
            ],
            "markers": "python_version >= '3.6'",
            "version": "==2.0.1"
        },
        "numpy": {
            "hashes": [
                "sha256:02e6279d95081086469e6ed83c708c4c48ed03a28ab87c71bea28af3b95fa56d",
                "sha256:05a7a81397e1391ae34cc0d14764a31ab6f73dbd0abe0952b3550d3ad4df265d",
                "sha256:1400ec59c7f6c4f9390cc3bc5e56a6cbae2c30b39024eef317a0b52fe9c174c6",
                "sha256:1980c4bc1eb495624c8414f3763da83b91d37c3c69772ab6912e9a857a143cdb",
                "sha256:405c3dbb6a57415ec8576ff1c0248f332ac1c3be2e5eea04d498dad8431bf57b",
                "sha256:42b3cf886701bb16f3bdf2ae6c39af67b464cdd67d5fc86619ef2a876a23de27",
                "sha256:436d47018c3cd2b9723ed3cd4ed4698ea7641449c71096781478ef6a20ae3bd0",
                "sha256:43722270fbfb07d91558985a3da37aa92a2d4e2d271182526959a5773f9fb12a",
                "sha256:4b7da62ba159bfc5fee6f54709b0708686ee15081f16dc5f81cda7f1e0e77941",
                "sha256:73fd54d9787f4f8747f823a7e2d0693da94c66b670ccf436e4bb488bbcd5ce8c",
                "sha256:838e48df3703c8747f355cd6386e0680b906a2f7b2bbd304e8a2d531692484ce",
                "sha256:91a4f5c6594a61b57b0ab6031a084fa3686b1e847cc2215983e444583594b529",
                "sha256:94cb6ef9ffd15d7d904d0825ada642a51dc8890cdc06f1e4fb8e46cff79fe2ef",
                "sha256:9a8515002f143a5934f25ad2aacdfd1fcf57a7f5da6142c439eb8787ef65e8a6",
                "sha256:a09a4707066fe9431c6b79a1be922bc126f4bc50502ae7e9f67d40917d0cc6d4",
                "sha256:ab6abc2083013dd86a8fcba2ba16bab00690cb81db62588781d656572809c9a9",
                "sha256:b064211a4d86fc8009ef90c66d1443ba4a0c56d481659e085a190299569955e3",
                "sha256:b49caeb170e54cc59863017a199667a51526bd906bcd5ee340fcf0e01bd7fa94",
                "sha256:c1833829526ce8f5177a3e07554b6c98c194072f66f018839ecd1ef2d15e6c4a",
                "sha256:c9b0283776085cb2804efff73e9955ca279ba4edafd58d3ead70b61d209c4fbb",
                "sha256:d910a24f536f926bd56fb30d6f17ae8b89a1406e105087a49e014e000b00e8db",
                "sha256:ed6a909a78e29a4056e30f918a26b231e33edc77bd785bbceb461877baf9feb5",
                "sha256:f4b4b2da8c1b4f7c212742d2be03aa9277d46fd7b309025d930ad554e5739932"
            ],
            "index": "pypi",
            "version": "==1.13.1"
        },
        "olefile": {
            "hashes": [
                "sha256:133b031eaf8fd2c9399b78b8bc5b8fcbe4c31e85295749bb17a87cba8f3c3964"
            ],
            "markers": "python_version >= '2.7' and python_version not in '3.0, 3.1, 3.2, 3.3'",
            "version": "==0.46"
        },
        "pickleshare": {
            "hashes": [
                "sha256:84a9257227dfdd6fe1b4be1319096c20eb85ff1e82c7932f36efccfe1b09737b",
                "sha256:c9a2541f25aeabc070f12f452e1f2a8eae2abd51e1cd19e8430402bdf4c1d8b5"
            ],
            "index": "pypi",
            "version": "==0.7.4"
        },
        "pillow": {
            "hashes": [
                "sha256:19d1cc97bad8ace5d601f0a52680d9f9228b5a326ac4f710da931179681f2099",
                "sha256:1abe01535e3afab9360a81e7cd2ed33379a60a96c944b153a82235b7cef71fdb",
                "sha256:20a3c42e67af2d7cebf4c71b27efe30dd4621e135e9457abc80d0117631883d3",
                "sha256:24e8bef1269598ef8f1f418575b12a15bb1a019ea177ad9445b197b8f209a7c8",
                "sha256:26861f6549e6d2133ca2d2db58e16459d8ac83e71616722e07ab267f7c010c15",
                "sha256:3c7274c0f2468c30c1698e1ccd19d7a6df32a4aa98fddf5b886c8e870c4b82fb",
                "sha256:3f265e43a0a93d2273138b5b2290d09927c253c49a166888ac15eda1a166e38a",
                "sha256:471f9e5b18277aa305c7024064ef0c9064bf8b819d46caac83bfae034ca90c03",
                "sha256:4757ad2eee627dca861289291512e66292ce535c2bc79210321c440381cf0901",
                "sha256:4be38c9ad2915e72579140d4fa3b79cccde29e8abe61ec2f8075d7a4f36b38df",
                "sha256:5bf88e8144a9ad520a452a34adbf4dd92cbbcb9899c2e4f4b387957966291f21",
                "sha256:6d3e1f98dfcba332000441f465ec585e7c834aa648e4a83f73ec1b807083a756",
                "sha256:7835c575bf744b2a6e5d48c480a37662b0ca247e9e54b217f6815fe57d6c5f9d",
                "sha256:8197f06f2741310820d7a05add26418aee8e8f353bf6665a12ba9ad89a965a1d",
                "sha256:8fd9376fcce33902851642d013101a7e2f7b5d3e05bd98b960b62f1be72d7a65",
                "sha256:a1ba195e4f07e94c1c44cd651070b2b7d8328ef1bdccbee15549e684016df337",
                "sha256:a810b66a14500e203da8299b0e93c157b283a8baf81a9a631487d1b6890fb09f",
                "sha256:b818331ade410c660f754b489fd1bc5ff03b65d211746d1fa8537d60349eee75",
                "sha256:b8f8f50e2f1d85adec833607fed1f210962068e7807c62f266f3e53a0d81ac87",
                "sha256:bec34b7a66edc4ff92e5aed912cb4ebad6fe14e8a579f19ddcd8b352d76360a1",
                "sha256:c724f65870e545316f9e82e4c6d608ab5aa9dd82d5185e5b2e72119378740073",
                "sha256:c7ba8b42923c1b5e72fe3b0aa792de8ffc13c5a3d4df8e88f06959d0835fea8e",
                "sha256:c9441bcd6c6830f48d949bf0367ba2ee97b9f152a152378c5b4aa4183884c205",
                "sha256:caad21c655bf4627bcd4db8e48c6a965ea428339ab43ac3e41af9fbc58e8bde7",
                "sha256:e07f388cf345b002853eabb720c234b281119cf4c2677d7e0b9ec4d8f9a18fbd",
                "sha256:f3b444e683f269b9ca64c0c313ed140b3c3ff65280597b788815227423e0abfd",
                "sha256:fd2648a3bfd95a2a06625c03852523bb6eec6b9fde6a647b989c73719a099cc4"
            ],
            "index": "pypi",
            "version": "==4.2.1"
        },
        "protobuf": {
            "hashes": [
                "sha256:0c44e01f74109decea196b5b313b08edb5316df77313995594a6981e95674259",
                "sha256:15cdecb0d192ab5f17cdc21a9c0ae7b5c6c4451e42c8a888a4f3344c190e369c",
                "sha256:196a153e487c0e20d62259872bbf2e1c4fa18e2ce97e20984fcbf9d8b151058d",
                "sha256:3149c373e9b7ce296bb24d42a3eb677d620185b5dff2c390b2cf57baf79afdc1",
                "sha256:370a6b885e94adda021d4cbe43accdfbf6a02af651a0be337a28906a3fa77f3d",
                "sha256:474247630834f93214fafce49d2ee6ff4c036c8c5382b88432b7eae6f08f131b",
                "sha256:6380aae2683d0d1b41199e591c8ba06f867e8a778d44309af87073c1b34a9f3a",
                "sha256:6741d7d1cfcbdd6cf610f38b7976cf8c0b41022203555298925e4061b6616608",
                "sha256:700787cb56b4cb7b8ed5f7d197b9d8f30080f257f3c7431eec1fdd8060660929",
                "sha256:8117b52c2531e4033f7d02b9be5a78564da41a8b02c255e1b731ad4bd75e7dc0",
                "sha256:850da2072d98c6e576b7eb29734cdde6fd9f5d157e43d7818d79f4b373ef5d51",
                "sha256:85d1fb5ff1d638a0045bbe4f01a8f287023aa4f2b29011445b1be0edc74a2103",
                "sha256:93bca9aaeee8008e15696c2a6b5e56b992da03f9d237ff54310e397d635f8305",
                "sha256:98d414513ec44bb3ba77ebdeffcbbe6ebbf3630c767d37a285890c2414fdd4e2",
                "sha256:a7f91a4e5bf3cc58b2830c9cb01b04ac5e211c288048e9296cd407ec0455fb89",
                "sha256:abbcb8ecd19cfb729b9b71f9a453e37c0c1c017be4bff47804ff25150685386d",
                "sha256:b03966ca4d1aa7850f5bf0d841c22a8eeb6ce091f77e585ffeb8b95a6b0a96c4",
                "sha256:cde2a73b03049b904dbc5d0f500b97e11abb4109dbe2940e6a1595e2eef4e8a9",
                "sha256:d52a687e2c74c40f45abd6906f833d4e40f0f8cfa4226a80e4695fedafe6c57e",
                "sha256:e68ad00695547d9397dd14abd3efba23cb31cef67228f4512d41396971889812",
                "sha256:e9bffd52d6ee039a1cafb72475b2900c6fd0f0dca667fb7a09af0a3e119e78cb"
            ],
            "index": "pypi",
            "version": "==3.18.3"
        },
        "six": {
            "hashes": [
                "sha256:1e61c37477a1626458e36f7b1d82aa5c9b094fa4802892072e49de9c60c4c926",
                "sha256:8abb2f1d86890a2dfb989f9a77cfcfd3e47c2a354b01111771326f8aa26e0254"
            ],
            "markers": "python_version >= '2.7' and python_version not in '3.0, 3.1, 3.2, 3.3'",
            "version": "==1.16.0"
        },
        "tensorflow": {
            "hashes": [
                "sha256:0059541bc69fb035ab2e3a752e5e3c0fbf05f360589af4d46b2e6bc72caac04c",
                "sha256:0bf3866115184d97993d702f2f47cd557fa5a26b6661aa94aa16c05e4a545cfb",
                "sha256:40c8c0745d532d1f6a6c21747ffde6784cce1d5fc33e1a96958a0e7e02aa44e6",
                "sha256:76b127f80752c2ac0e82658628c4728645749e098adfbb3bc2e9aa71c99b6bab",
                "sha256:8e3e0210d367488749bb673607e8dd711d3524f7216e7b1059d9bebd610032d4",
                "sha256:983d0651b1bc1d270139c3f0c5433987c05979313cbed8b0366ceecd9e5ca384",
                "sha256:a535a4a32aaaf5c59dc582ed472f321a86bf1786d17931c017c0ec7c8f1a1c02",
                "sha256:cbeeeba2f2a47b4103ff8376e3d5e65689efba79de263a54ea31492500f8479a",
                "sha256:e417a8d7fa73ffe8ac843cff24a9c91792a71d3382cd8d58d519758917ae7e5a",
                "sha256:e9c43187c69970f7f1f12ff220185bb0ea83f674de1117989ef372112870b78e",
                "sha256:f4ff1630c8aa5dda8713e30062227b8b7de30840d28d50445a672f45329026a0",
                "sha256:fba300c268ac30c886d33b45e7ca8a1bbe3f0091e4c4d8289e36cbb946950da0"
            ],
            "index": "pypi",
            "version": "==1.3.0"
        },
        "tensorflow-tensorboard": {
            "hashes": [
                "sha256:7dbc00652282b78ea59fec6262f8d03ab510112ba3a9c872799c6f9ad93e6126",
                "sha256:b218029c1bb3ca1c5f6d93673e497ad7011dd4c513924c2eb828fd0d1bf25355"
            ],
            "version": "==0.1.8"
        },
        "typing-extensions": {
            "hashes": [
                "sha256:1a9462dcc3347a79b1f1c0271fbe79e844580bb598bafa1ed208b94da3cdcd42",
                "sha256:21c85e0fe4b9a155d0799430b0ad741cdce7e359660ccbd8b530613e8df88ce2"
            ],
            "markers": "python_version < '3.8'",
            "version": "==4.1.1"
        },
        "werkzeug": {
            "hashes": [
                "sha256:1421ebfc7648a39a5c58c601b154165d05cf47a3cd0ccb70857cbdacf6c8f2b8",
                "sha256:b863f8ff057c522164b6067c9e28b041161b4be5ba4d0daceeaa50a163822d3c"
            ],
            "markers": "python_version >= '3.6'",
            "version": "==2.0.3"
        },
        "wheel": {
            "hashes": [
                "sha256:4bdcd7d840138086126cd09254dc6195fb4fc6f01c050a1d7236f2630db1d22a",
                "sha256:e9a504e793efbca1b8e0e9cb979a249cf4a0a7b5b8c9e8b65a5e39d49529c1c4"
            ],
            "markers": "python_version >= '2.7' and python_version not in '3.0, 3.1, 3.2, 3.3, 3.4'",
            "version": "==0.37.1"
        },
        "zipp": {
            "hashes": [
                "sha256:71c644c5369f4a6e07636f0aa966270449561fcea2e3d6747b8d23efaa9d7832",
                "sha256:9fe5ea21568a0a70e50f273397638d39b03353731e6cbbb3fd8502a33fec40bc"
            ],
            "markers": "python_version >= '3.6'",
            "version": "==3.6.0"
        }
    },
    "develop": {}
}
